PODS:
  - GSKStretchyHeaderView (1.0.4)

DEPENDENCIES:
  - GSKStretchyHeaderView

SPEC REPOS:
  https://github.com/cocoapods/specs.git:
    - GSKStretchyHeaderView

SPEC CHECKSUMS:
  GSKStretchyHeaderView: 9743704c12bdc9cf7c7947bad3af8bf24f7061e3

PODFILE CHECKSUM: dcc8525beaff7dbd021d62a5d4fbea7c8ee71421

COCOAPODS: 1.7.5
